
Microsoft Visual Studio Solution File, Format Version 12.00
# Visual Studio Version 17
VisualStudioVersion = 17.1.32319.34
MinimumVisualStudioVersion = 10.0.40219.1
Project("{FAE04EC0-301F-11D3-BF4B-00C04F79EFBC}") = "RazorESERCIZI", "RazorESERCIZI\RazorESERCIZI.csproj", "{DCBF7D37-42C7-40B6-A037-32CB4A1459D8}"
EndProject
Global
	GlobalSection(SolutionConfigurationPlatforms) = preSolution
		Debug|Any CPU = Debug|Any CPU
		Release|Any CPU = Release|Any CPU
	EndGlobalSection
	GlobalSection(ProjectConfigurationPlatforms) = postSolution
		{DCBF7D37-42C7-40B6-A037-32CB4A1459D8}.Debug|Any CPU.ActiveCfg = Debug|Any CPU
		{DCBF7D37-42C7-40B6-A037-32CB4A1459D8}.Debug|Any CPU.Build.0 = Debug|Any CPU
		{DCBF7D37-42C7-40B6-A037-32CB4A1459D8}.Release|Any CPU.ActiveCfg = Release|Any CPU
		{DCBF7D37-42C7-40B6-A037-32CB4A1459D8}.Release|Any CPU.Build.0 = Release|Any CPU
	EndGlobalSection
	GlobalSection(SolutionProperties) = preSolution
		HideSolutionNode = FALSE
	EndGlobalSection
	GlobalSection(ExtensibilityGlobals) = postSolution
		SolutionGuid = {9FCFB33D-410B-4F3E-9D5D-1C0AC380C203}
	EndGlobalSection
EndGlobal
